
Microsoft Visual Studio Solution File, Format Version 12.00
# Visual Studio Version 17
VisualStudioVersion = 17.14.36301.6 d17.14
MinimumVisualStudioVersion = 10.0.40219.1
Project("{CC5FD16D-436D-48AD-A40C-5A424C6E3E79}") = "backend", "backend\backend.ccproj", "{135E56B3-72B6-4846-822D-02B97C7204DF}"
EndProject
Project("{FAE04EC0-301F-11D3-BF4B-00C04F79EFBC}") = "StackOverflowService", "StackOverflowService\StackOverflowService.csproj", "{88DC7949-CE9D-414C-8C39-12150AF1A122}"
EndProject
Project("{FAE04EC0-301F-11D3-BF4B-00C04F79EFBC}") = "HealthStatusService", "HealthStatusService\HealthStatusService.csproj", "{02C415C6-0853-4E0B-AB96-2CC9458C2F88}"
EndProject
Project("{FAE04EC0-301F-11D3-BF4B-00C04F79EFBC}") = "NotificationService", "NotificationService\NotificationService.csproj", "{3761B5D9-3386-4890-BA83-66B9E5F1545B}"
EndProject
Project("{FAE04EC0-301F-11D3-BF4B-00C04F79EFBC}") = "HealthMonitoringService", "HealthMonitoringService\HealthMonitoringService.csproj", "{CE23C4F8-33B9-4B3C-A9DA-F530047FC7DE}"
EndProject
Global
	GlobalSection(SolutionConfigurationPlatforms) = preSolution
		Debug|Any CPU = Debug|Any CPU
		Release|Any CPU = Release|Any CPU
	EndGlobalSection
	GlobalSection(ProjectConfigurationPlatforms) = postSolution
		{135E56B3-72B6-4846-822D-02B97C7204DF}.Debug|Any CPU.ActiveCfg = Debug|Any CPU
		{135E56B3-72B6-4846-822D-02B97C7204DF}.Debug|Any CPU.Build.0 = Debug|Any CPU
		{135E56B3-72B6-4846-822D-02B97C7204DF}.Release|Any CPU.ActiveCfg = Release|Any CPU
		{135E56B3-72B6-4846-822D-02B97C7204DF}.Release|Any CPU.Build.0 = Release|Any CPU
		{88DC7949-CE9D-414C-8C39-12150AF1A122}.Debug|Any CPU.ActiveCfg = Debug|Any CPU
		{88DC7949-CE9D-414C-8C39-12150AF1A122}.Debug|Any CPU.Build.0 = Debug|Any CPU
		{88DC7949-CE9D-414C-8C39-12150AF1A122}.Release|Any CPU.ActiveCfg = Release|Any CPU
		{88DC7949-CE9D-414C-8C39-12150AF1A122}.Release|Any CPU.Build.0 = Release|Any CPU
		{02C415C6-0853-4E0B-AB96-2CC9458C2F88}.Debug|Any CPU.ActiveCfg = Debug|Any CPU
		{02C415C6-0853-4E0B-AB96-2CC9458C2F88}.Debug|Any CPU.Build.0 = Debug|Any CPU
		{02C415C6-0853-4E0B-AB96-2CC9458C2F88}.Release|Any CPU.ActiveCfg = Release|Any CPU
		{02C415C6-0853-4E0B-AB96-2CC9458C2F88}.Release|Any CPU.Build.0 = Release|Any CPU
		{3761B5D9-3386-4890-BA83-66B9E5F1545B}.Debug|Any CPU.ActiveCfg = Debug|Any CPU
		{3761B5D9-3386-4890-BA83-66B9E5F1545B}.Debug|Any CPU.Build.0 = Debug|Any CPU
		{3761B5D9-3386-4890-BA83-66B9E5F1545B}.Release|Any CPU.ActiveCfg = Release|Any CPU
		{3761B5D9-3386-4890-BA83-66B9E5F1545B}.Release|Any CPU.Build.0 = Release|Any CPU
		{CE23C4F8-33B9-4B3C-A9DA-F530047FC7DE}.Debug|Any CPU.ActiveCfg = Debug|Any CPU
		{CE23C4F8-33B9-4B3C-A9DA-F530047FC7DE}.Debug|Any CPU.Build.0 = Debug|Any CPU
		{CE23C4F8-33B9-4B3C-A9DA-F530047FC7DE}.Release|Any CPU.ActiveCfg = Release|Any CPU
		{CE23C4F8-33B9-4B3C-A9DA-F530047FC7DE}.Release|Any CPU.Build.0 = Release|Any CPU
	EndGlobalSection
	GlobalSection(SolutionProperties) = preSolution
		HideSolutionNode = FALSE
	EndGlobalSection
	GlobalSection(ExtensibilityGlobals) = postSolution
		SolutionGuid = {9C413C4B-3C79-4DC2-ADF6-FBA3E17E3BC1}
	EndGlobalSection
EndGlobal
